
Microsoft Visual Studio Solution File, Format Version 12.00
# Visual Studio 15
VisualStudioVersion = 15.0.27004.2009
MinimumVisualStudioVersion = 10.0.40219.1
Project("{9A19103F-16F7-4668-BE54-9A1E7A4F7556}") = "PUBGSharp", "PUBGSharp\PUBGSharp.csproj", "{297D5C65-11D3-4B6F-96AE-F34C87F6AB15}"
EndProject
Project("{9A19103F-16F7-4668-BE54-9A1E7A4F7556}") = "PUBGSharp.Examples", "PUBGSharp.Examples\PUBGSharp.Examples.csproj", "{8562310F-8BE9-4689-966B-BBB44D069CC6}"
EndProject
Project("{FAE04EC0-301F-11D3-BF4B-00C04F79EFBC}") = "PUBGSharp.Test", "PUBGSharp.Test\PUBGSharp.Test.csproj", "{BED36D1D-D708-49A8-A560-6582A72140FD}"
EndProject
Project("{FAE04EC0-301F-11D3-BF4B-00C04F79EFBC}") = "PUBGSharp.Run", "PUBGSharp.Run\PUBGSharp.Run.csproj", "{BA4682D5-1F7F-4CC5-A7A6-495DC9C1AFB7}"
EndProject
Global
	GlobalSection(SolutionConfigurationPlatforms) = preSolution
		Debug|Any CPU = Debug|Any CPU
		Release|Any CPU = Release|Any CPU
	EndGlobalSection
	GlobalSection(ProjectConfigurationPlatforms) = postSolution
		{297D5C65-11D3-4B6F-96AE-F34C87F6AB15}.Debug|Any CPU.ActiveCfg = Debug|Any CPU
		{297D5C65-11D3-4B6F-96AE-F34C87F6AB15}.Debug|Any CPU.Build.0 = Debug|Any CPU
		{297D5C65-11D3-4B6F-96AE-F34C87F6AB15}.Release|Any CPU.ActiveCfg = Release|Any CPU
		{297D5C65-11D3-4B6F-96AE-F34C87F6AB15}.Release|Any CPU.Build.0 = Release|Any CPU
		{8562310F-8BE9-4689-966B-BBB44D069CC6}.Debug|Any CPU.ActiveCfg = Debug|Any CPU
		{8562310F-8BE9-4689-966B-BBB44D069CC6}.Debug|Any CPU.Build.0 = Debug|Any CPU
		{8562310F-8BE9-4689-966B-BBB44D069CC6}.Release|Any CPU.ActiveCfg = Release|Any CPU
		{8562310F-8BE9-4689-966B-BBB44D069CC6}.Release|Any CPU.Build.0 = Release|Any CPU
		{BED36D1D-D708-49A8-A560-6582A72140FD}.Debug|Any CPU.ActiveCfg = Debug|Any CPU
		{BED36D1D-D708-49A8-A560-6582A72140FD}.Debug|Any CPU.Build.0 = Debug|Any CPU
		{BED36D1D-D708-49A8-A560-6582A72140FD}.Release|Any CPU.ActiveCfg = Release|Any CPU
		{BED36D1D-D708-49A8-A560-6582A72140FD}.Release|Any CPU.Build.0 = Release|Any CPU
		{BA4682D5-1F7F-4CC5-A7A6-495DC9C1AFB7}.Debug|Any CPU.ActiveCfg = Debug|Any CPU
		{BA4682D5-1F7F-4CC5-A7A6-495DC9C1AFB7}.Debug|Any CPU.Build.0 = Debug|Any CPU
		{BA4682D5-1F7F-4CC5-A7A6-495DC9C1AFB7}.Release|Any CPU.ActiveCfg = Release|Any CPU
		{BA4682D5-1F7F-4CC5-A7A6-495DC9C1AFB7}.Release|Any CPU.Build.0 = Release|Any CPU
	EndGlobalSection
	GlobalSection(SolutionProperties) = preSolution
		HideSolutionNode = FALSE
	EndGlobalSection
	GlobalSection(ExtensibilityGlobals) = postSolution
		SolutionGuid = {785FB6F4-0561-4195-A8B1-A7B94DCFE89E}
	EndGlobalSection
EndGlobal
